// !$*UTF8*$!
{
	archiveVersion = 1;
	classes = {
	};
	objectVersion = 46;
	objects = {

/* Begin PBXBuildFile section */
		3D228A552C4D9F1D005B9684 /* UFO.cpp in Sources */ = {isa = PBXBuildFile; fileRef = 3D228A532C4D9F1D005B9684 /* UFO.cpp */; };
		3D228A582C4E7537005B9684 /* GameOverScreen.cpp in Sources */ = {isa = PBXBuildFile; fileRef = 3D228A562C4E7537005B9684 /* GameOverScreen.cpp */; };
		3D228A5B2C4ECA06005B9684 /* Test.cpp in Sources */ = {isa = PBXBuildFile; fileRef = 3D228A592C4ECA06005B9684 /* Test.cpp */; };
		3D62C6212C526A9300EEABF0 /* BulletLaser.cpp in Sources */ = {isa = PBXBuildFile; fileRef = 3D62C61F2C526A9300EEABF0 /* BulletLaser.cpp */; };
		3D667CC82C4ADA370014BCD0 /* Invader.cpp in Sources */ = {isa = PBXBuildFile; fileRef = 3D667CC62C4ADA370014BCD0 /* Invader.cpp */; };
		3D667CCC2C4BDC330014BCD0 /* Animation.cpp in Sources */ = {isa = PBXBuildFile; fileRef = 3D667CCA2C4BDC330014BCD0 /* Animation.cpp */; };
		3D667CE22C4C316E0014BCD0 /* Bunker.cpp in Sources */ = {isa = PBXBuildFile; fileRef = 3D667CE02C4C316E0014BCD0 /* Bunker.cpp */; };
		3D667CE52C4C796C0014BCD0 /* Texture.cpp in Sources */ = {isa = PBXBuildFile; fileRef = 3D667CE32C4C796C0014BCD0 /* Texture.cpp */; };
		3D667CE82C4D4F410014BCD0 /* InvaderGroup.cpp in Sources */ = {isa = PBXBuildFile; fileRef = 3D667CE62C4D4F410014BCD0 /* InvaderGroup.cpp */; };
		3D667CEB2C4D701F0014BCD0 /* StopWatch.cpp in Sources */ = {isa = PBXBuildFile; fileRef = 3D667CE92C4D701F0014BCD0 /* StopWatch.cpp */; };
		3D667CEE2C4D82590014BCD0 /* Particle.cpp in Sources */ = {isa = PBXBuildFile; fileRef = 3D667CEC2C4D82590014BCD0 /* Particle.cpp */; };
		3D8D2FFE2C51367B007B64EE /* Item.cpp in Sources */ = {isa = PBXBuildFile; fileRef = 3D8D2FFC2C51367B007B64EE /* Item.cpp */; };
		3D8D30012C51467E007B64EE /* BunkerPiece.cpp in Sources */ = {isa = PBXBuildFile; fileRef = 3D8D2FFF2C51467E007B64EE /* BunkerPiece.cpp */; };
		3D8D30042C514A40007B64EE /* ScoreDisplay.cpp in Sources */ = {isa = PBXBuildFile; fileRef = 3D8D30022C514A40007B64EE /* ScoreDisplay.cpp */; };
		3D9200672C4AA657001198CA /* assets in CopyFiles */ = {isa = PBXBuildFile; fileRef = 3D9200662C4AA5DB001198CA /* assets */; };
		3D92006C2C4AB501001198CA /* Assets.cpp in Sources */ = {isa = PBXBuildFile; fileRef = 3D92006B2C4AB501001198CA /* Assets.cpp */; };
		3D92006F2C4AB561001198CA /* randomUtil.cpp in Sources */ = {isa = PBXBuildFile; fileRef = 3D92006D2C4AB561001198CA /* randomUtil.cpp */; };
		9FC715BE1A1527C4004FDDD1 /* main.cpp in Sources */ = {isa = PBXBuildFile; fileRef = 9FC715BD1A1527C4004FDDD1 /* main.cpp */; };
		9FC715D71A152805004FDDD1 /* Bullet.cpp in Sources */ = {isa = PBXBuildFile; fileRef = 9FC715CD1A152805004FDDD1 /* Bullet.cpp */; };
		9FC715D81A152805004FDDD1 /* SDLColors.cpp in Sources */ = {isa = PBXBuildFile; fileRef = 9FC715CE1A152805004FDDD1 /* SDLColors.cpp */; };
		9FC715D91A152805004FDDD1 /* Controller.cpp in Sources */ = {isa = PBXBuildFile; fileRef = 9FC715CF1A152805004FDDD1 /* Controller.cpp */; };
		9FC715DA1A152805004FDDD1 /* Game.cpp in Sources */ = {isa = PBXBuildFile; fileRef = 9FC715D01A152805004FDDD1 /* Game.cpp */; };
		9FC715DB1A152805004FDDD1 /* Log.cpp in Sources */ = {isa = PBXBuildFile; fileRef = 9FC715D11A152805004FDDD1 /* Log.cpp */; };
		9FC715DC1A152805004FDDD1 /* Player.cpp in Sources */ = {isa = PBXBuildFile; fileRef = 9FC715D21A152805004FDDD1 /* Player.cpp */; };
		9FC715DD1A152805004FDDD1 /* SDLWindow.cpp in Sources */ = {isa = PBXBuildFile; fileRef = 9FC715D31A152805004FDDD1 /* SDLWindow.cpp */; };
		9FC715DE1A152805004FDDD1 /* Sprite.cpp in Sources */ = {isa = PBXBuildFile; fileRef = 9FC715D41A152805004FDDD1 /* Sprite.cpp */; };
		9FC715DF1A152805004FDDD1 /* StlUtil.cpp in Sources */ = {isa = PBXBuildFile; fileRef = 9FC715D51A152805004FDDD1 /* StlUtil.cpp */; };
		9FC715E01A152805004FDDD1 /* TitleScreen.cpp in Sources */ = {isa = PBXBuildFile; fileRef = 9FC715D61A152805004FDDD1 /* TitleScreen.cpp */; };
		9FC7161C1A15292E004FDDD1 /* SDL2.framework in Frameworks */ = {isa = PBXBuildFile; fileRef = 9FC7161B1A15292E004FDDD1 /* SDL2.framework */; };
		9FC7161D1A152940004FDDD1 /* SDL2.framework in CopyFiles */ = {isa = PBXBuildFile; fileRef = 9FC7161B1A15292E004FDDD1 /* SDL2.framework */; };
		9FC716211A152A10004FDDD1 /* SDL2_image.framework in Frameworks */ = {isa = PBXBuildFile; fileRef = 9FC7161E1A152A10004FDDD1 /* SDL2_image.framework */; };
		9FC716221A152A10004FDDD1 /* SDL2_mixer.framework in Frameworks */ = {isa = PBXBuildFile; fileRef = 9FC7161F1A152A10004FDDD1 /* SDL2_mixer.framework */; };
		9FC716231A152A10004FDDD1 /* SDL2_ttf.framework in Frameworks */ = {isa = PBXBuildFile; fileRef = 9FC716201A152A10004FDDD1 /* SDL2_ttf.framework */; };
		9FC716241A152A19004FDDD1 /* SDL2_image.framework in CopyFiles */ = {isa = PBXBuildFile; fileRef = 9FC7161E1A152A10004FDDD1 /* SDL2_image.framework */; };
		9FC716251A152A19004FDDD1 /* SDL2_mixer.framework in CopyFiles */ = {isa = PBXBuildFile; fileRef = 9FC7161F1A152A10004FDDD1 /* SDL2_mixer.framework */; };
		9FC716261A152A19004FDDD1 /* SDL2_ttf.framework in CopyFiles */ = {isa = PBXBuildFile; fileRef = 9FC716201A152A10004FDDD1 /* SDL2_ttf.framework */; };
/* End PBXBuildFile section */

/* Begin PBXCopyFilesBuildPhase section */
		9FC7159A1A152601004FDDD1 /* CopyFiles */ = {
			isa = PBXCopyFilesBuildPhase;
			buildActionMask = 12;
			dstPath = "";
			dstSubfolderSpec = 10;
			files = (
				3D9200672C4AA657001198CA /* assets in CopyFiles */,
				9FC716241A152A19004FDDD1 /* SDL2_image.framework in CopyFiles */,
				9FC716251A152A19004FDDD1 /* SDL2_mixer.framework in CopyFiles */,
				9FC716261A152A19004FDDD1 /* SDL2_ttf.framework in CopyFiles */,
				9FC7161D1A152940004FDDD1 /* SDL2.framework in CopyFiles */,
			);
			runOnlyForDeploymentPostprocessing = 0;
		};
/* End PBXCopyFilesBuildPhase section */

/* Begin PBXFileReference section */
		3D228A532C4D9F1D005B9684 /* UFO.cpp */ = {isa = PBXFileReference; lastKnownFileType = sourcecode.cpp.cpp; path = UFO.cpp; sourceTree = "<group>"; };
		3D228A542C4D9F1D005B9684 /* UFO.h */ = {isa = PBXFileReference; lastKnownFileType = sourcecode.c.h; path = UFO.h; sourceTree = "<group>"; };
		3D228A562C4E7537005B9684 /* GameOverScreen.cpp */ = {isa = PBXFileReference; lastKnownFileType = sourcecode.cpp.cpp; path = GameOverScreen.cpp; sourceTree = "<group>"; };
		3D228A572C4E7537005B9684 /* GameOverScreen.h */ = {isa = PBXFileReference; lastKnownFileType = sourcecode.c.h; path = GameOverScreen.h; sourceTree = "<group>"; };
		3D228A592C4ECA06005B9684 /* Test.cpp */ = {isa = PBXFileReference; lastKnownFileType = sourcecode.cpp.cpp; path = Test.cpp; sourceTree = "<group>"; };
		3D228A5A2C4ECA06005B9684 /* Test.h */ = {isa = PBXFileReference; lastKnownFileType = sourcecode.c.h; path = Test.h; sourceTree = "<group>"; };
		3D228A602C4F1E17005B9684 /* GameState.h */ = {isa = PBXFileReference; lastKnownFileType = sourcecode.c.h; path = GameState.h; sourceTree = "<group>"; };
		3D62C61E2C516B5E00EEABF0 /* BulletType.h */ = {isa = PBXFileReference; lastKnownFileType = sourcecode.c.h; path = BulletType.h; sourceTree = "<group>"; };
		3D62C61F2C526A9300EEABF0 /* BulletLaser.cpp */ = {isa = PBXFileReference; lastKnownFileType = sourcecode.cpp.cpp; path = BulletLaser.cpp; sourceTree = "<group>"; };
		3D62C6202C526A9300EEABF0 /* BulletLaser.h */ = {isa = PBXFileReference; lastKnownFileType = sourcecode.c.h; path = BulletLaser.h; sourceTree = "<group>"; };
		3D667CC62C4ADA370014BCD0 /* Invader.cpp */ = {isa = PBXFileReference; lastKnownFileType = sourcecode.cpp.cpp; path = Invader.cpp; sourceTree = "<group>"; };
		3D667CC72C4ADA370014BCD0 /* Invader.h */ = {isa = PBXFileReference; lastKnownFileType = sourcecode.c.h; path = Invader.h; sourceTree = "<group>"; };
		3D667CCA2C4BDC330014BCD0 /* Animation.cpp */ = {isa = PBXFileReference; lastKnownFileType = sourcecode.cpp.cpp; path = Animation.cpp; sourceTree = "<group>"; };
		3D667CCB2C4BDC330014BCD0 /* Animation.h */ = {isa = PBXFileReference; lastKnownFileType = sourcecode.c.h; path = Animation.h; sourceTree = "<group>"; };
		3D667CE02C4C316E0014BCD0 /* Bunker.cpp */ = {isa = PBXFileReference; lastKnownFileType = sourcecode.cpp.cpp; path = Bunker.cpp; sourceTree = "<group>"; };
		3D667CE12C4C316E0014BCD0 /* Bunker.h */ = {isa = PBXFileReference; lastKnownFileType = sourcecode.c.h; path = Bunker.h; sourceTree = "<group>"; };
		3D667CE32C4C796C0014BCD0 /* Texture.cpp */ = {isa = PBXFileReference; lastKnownFileType = sourcecode.cpp.cpp; path = Texture.cpp; sourceTree = "<group>"; };
		3D667CE42C4C796C0014BCD0 /* Texture.h */ = {isa = PBXFileReference; lastKnownFileType = sourcecode.c.h; path = Texture.h; sourceTree = "<group>"; };
		3D667CE62C4D4F410014BCD0 /* InvaderGroup.cpp */ = {isa = PBXFileReference; lastKnownFileType = sourcecode.cpp.cpp; path = InvaderGroup.cpp; sourceTree = "<group>"; };
		3D667CE72C4D4F410014BCD0 /* InvaderGroup.h */ = {isa = PBXFileReference; lastKnownFileType = sourcecode.c.h; path = InvaderGroup.h; sourceTree = "<group>"; };
		3D667CE92C4D701F0014BCD0 /* StopWatch.cpp */ = {isa = PBXFileReference; lastKnownFileType = sourcecode.cpp.cpp; path = StopWatch.cpp; sourceTree = "<group>"; };
		3D667CEA2C4D701F0014BCD0 /* StopWatch.h */ = {isa = PBXFileReference; lastKnownFileType = sourcecode.c.h; path = StopWatch.h; sourceTree = "<group>"; };
		3D667CEC2C4D82590014BCD0 /* Particle.cpp */ = {isa = PBXFileReference; lastKnownFileType = sourcecode.cpp.cpp; path = Particle.cpp; sourceTree = "<group>"; };
		3D667CED2C4D82590014BCD0 /* Particle.h */ = {isa = PBXFileReference; lastKnownFileType = sourcecode.c.h; path = Particle.h; sourceTree = "<group>"; };
		3D8D2FFC2C51367B007B64EE /* Item.cpp */ = {isa = PBXFileReference; lastKnownFileType = sourcecode.cpp.cpp; path = Item.cpp; sourceTree = "<group>"; };
		3D8D2FFD2C51367B007B64EE /* Item.h */ = {isa = PBXFileReference; lastKnownFileType = sourcecode.c.h; path = Item.h; sourceTree = "<group>"; };
		3D8D2FFF2C51467E007B64EE /* BunkerPiece.cpp */ = {isa = PBXFileReference; lastKnownFileType = sourcecode.cpp.cpp; path = BunkerPiece.cpp; sourceTree = "<group>"; };
		3D8D30002C51467E007B64EE /* BunkerPiece.h */ = {isa = PBXFileReference; lastKnownFileType = sourcecode.c.h; path = BunkerPiece.h; sourceTree = "<group>"; };
		3D8D30022C514A40007B64EE /* ScoreDisplay.cpp */ = {isa = PBXFileReference; lastKnownFileType = sourcecode.cpp.cpp; path = ScoreDisplay.cpp; sourceTree = "<group>"; };
		3D8D30032C514A40007B64EE /* ScoreDisplay.h */ = {isa = PBXFileReference; lastKnownFileType = sourcecode.c.h; path = ScoreDisplay.h; sourceTree = "<group>"; };
		3D9200662C4AA5DB001198CA /* assets */ = {isa = PBXFileReference; lastKnownFileType = folder; path = assets; sourceTree = "<group>"; };
		3D9200682C4AACFF001198CA /* Assets.h */ = {isa = PBXFileReference; lastKnownFileType = sourcecode.c.h; path = Assets.h; sourceTree = "<group>"; };
		3D92006B2C4AB501001198CA /* Assets.cpp */ = {isa = PBXFileReference; lastKnownFileType = sourcecode.cpp.cpp; path = Assets.cpp; sourceTree = "<group>"; };
		3D92006D2C4AB561001198CA /* randomUtil.cpp */ = {isa = PBXFileReference; lastKnownFileType = sourcecode.cpp.cpp; path = randomUtil.cpp; sourceTree = "<group>"; };
		3D92006E2C4AB561001198CA /* randomUtil.h */ = {isa = PBXFileReference; lastKnownFileType = sourcecode.c.h; path = randomUtil.h; sourceTree = "<group>"; };
		9FC7159C1A152601004FDDD1 /* SpaceInvaders */ = {isa = PBXFileReference; explicitFileType = "compiled.mach-o.executable"; includeInIndex = 0; path = SpaceInvaders; sourceTree = BUILT_PRODUCTS_DIR; };
		9FC715BD1A1527C4004FDDD1 /* main.cpp */ = {isa = PBXFileReference; fileEncoding = 4; lastKnownFileType = sourcecode.cpp.cpp; path = main.cpp; sourceTree = "<group>"; };
		9FC715BF1A152805004FDDD1 /* Bullet.h */ = {isa = PBXFileReference; fileEncoding = 4; lastKnownFileType = sourcecode.c.h; path = Bullet.h; sourceTree = "<group>"; };
		9FC715C01A152805004FDDD1 /* SDLColors.h */ = {isa = PBXFileReference; fileEncoding = 4; lastKnownFileType = sourcecode.c.h; path = SDLColors.h; sourceTree = "<group>"; };
		9FC715C11A152805004FDDD1 /* Controller.h */ = {isa = PBXFileReference; fileEncoding = 4; lastKnownFileType = sourcecode.c.h; path = Controller.h; sourceTree = "<group>"; };
		9FC715C21A152805004FDDD1 /* Game.h */ = {isa = PBXFileReference; fileEncoding = 4; lastKnownFileType = sourcecode.c.h; path = Game.h; sourceTree = "<group>"; };
		9FC715C31A152805004FDDD1 /* Log.h */ = {isa = PBXFileReference; fileEncoding = 4; lastKnownFileType = sourcecode.c.h; path = Log.h; sourceTree = "<group>"; };
		9FC715C51A152805004FDDD1 /* Player.h */ = {isa = PBXFileReference; fileEncoding = 4; lastKnownFileType = sourcecode.c.h; path = Player.h; sourceTree = "<group>"; };
		9FC715C71A152805004FDDD1 /* RectF.h */ = {isa = PBXFileReference; fileEncoding = 4; lastKnownFileType = sourcecode.c.h; path = RectF.h; sourceTree = "<group>"; };
		9FC715C81A152805004FDDD1 /* SDLWindow.h */ = {isa = PBXFileReference; fileEncoding = 4; lastKnownFileType = sourcecode.c.h; path = SDLWindow.h; sourceTree = "<group>"; };
		9FC715C91A152805004FDDD1 /* Sprite.h */ = {isa = PBXFileReference; fileEncoding = 4; lastKnownFileType = sourcecode.c.h; path = Sprite.h; sourceTree = "<group>"; };
		9FC715CB1A152805004FDDD1 /* TitleScreen.h */ = {isa = PBXFileReference; fileEncoding = 4; lastKnownFileType = sourcecode.c.h; path = TitleScreen.h; sourceTree = "<group>"; };
		9FC715CC1A152805004FDDD1 /* Vectorf.h */ = {isa = PBXFileReference; fileEncoding = 4; lastKnownFileType = sourcecode.c.h; path = Vectorf.h; sourceTree = "<group>"; };
		9FC715CD1A152805004FDDD1 /* Bullet.cpp */ = {isa = PBXFileReference; fileEncoding = 4; lastKnownFileType = sourcecode.cpp.cpp; path = Bullet.cpp; sourceTree = "<group>"; };
		9FC715CE1A152805004FDDD1 /* SDLColors.cpp */ = {isa = PBXFileReference; fileEncoding = 4; lastKnownFileType = sourcecode.cpp.cpp; path = SDLColors.cpp; sourceTree = "<group>"; };
		9FC715CF1A152805004FDDD1 /* Controller.cpp */ = {isa = PBXFileReference; fileEncoding = 4; lastKnownFileType = sourcecode.cpp.cpp; path = Controller.cpp; sourceTree = "<group>"; };
		9FC715D01A152805004FDDD1 /* Game.cpp */ = {isa = PBXFileReference; fileEncoding = 4; lastKnownFileType = sourcecode.cpp.cpp; path = Game.cpp; sourceTree = "<group>"; };
		9FC715D11A152805004FDDD1 /* Log.cpp */ = {isa = PBXFileReference; fileEncoding = 4; lastKnownFileType = sourcecode.cpp.cpp; path = Log.cpp; sourceTree = "<group>"; };
		9FC715D21A152805004FDDD1 /* Player.cpp */ = {isa = PBXFileReference; fileEncoding = 4; lastKnownFileType = sourcecode.cpp.cpp; path = Player.cpp; sourceTree = "<group>"; };
		9FC715D31A152805004FDDD1 /* SDLWindow.cpp */ = {isa = PBXFileReference; fileEncoding = 4; lastKnownFileType = sourcecode.cpp.cpp; path = SDLWindow.cpp; sourceTree = "<group>"; };
		9FC715D41A152805004FDDD1 /* Sprite.cpp */ = {isa = PBXFileReference; fileEncoding = 4; lastKnownFileType = sourcecode.cpp.cpp; path = Sprite.cpp; sourceTree = "<group>"; };
		9FC715D51A152805004FDDD1 /* StlUtil.cpp */ = {isa = PBXFileReference; fileEncoding = 4; lastKnownFileType = sourcecode.cpp.cpp; path = StlUtil.cpp; sourceTree = "<group>"; };
		9FC715D61A152805004FDDD1 /* TitleScreen.cpp */ = {isa = PBXFileReference; fileEncoding = 4; lastKnownFileType = sourcecode.cpp.cpp; path = TitleScreen.cpp; sourceTree = "<group>"; };
		9FC7161B1A15292E004FDDD1 /* SDL2.framework */ = {isa = PBXFileReference; lastKnownFileType = wrapper.framework; path = SDL2.framework; sourceTree = "<group>"; };
		9FC7161E1A152A10004FDDD1 /* SDL2_image.framework */ = {isa = PBXFileReference; lastKnownFileType = wrapper.framework; path = SDL2_image.framework; sourceTree = "<group>"; };
		9FC7161F1A152A10004FDDD1 /* SDL2_mixer.framework */ = {isa = PBXFileReference; lastKnownFileType = wrapper.framework; path = SDL2_mixer.framework; sourceTree = "<group>"; };
		9FC716201A152A10004FDDD1 /* SDL2_ttf.framework */ = {isa = PBXFileReference; lastKnownFileType = wrapper.framework; path = SDL2_ttf.framework; sourceTree = "<group>"; };
		9FC716271A152AA8004FDDD1 /* StlUtil.h */ = {isa = PBXFileReference; lastKnownFileType = sourcecode.c.h; path = StlUtil.h; sourceTree = "<group>"; };
/* End PBXFileReference section */

/* Begin PBXFrameworksBuildPhase section */
		9FC715991A152601004FDDD1 /* Frameworks */ = {
			isa = PBXFrameworksBuildPhase;
			buildActionMask = 2147483647;
			files = (
				9FC716211A152A10004FDDD1 /* SDL2_image.framework in Frameworks */,
				9FC716221A152A10004FDDD1 /* SDL2_mixer.framework in Frameworks */,
				9FC716231A152A10004FDDD1 /* SDL2_ttf.framework in Frameworks */,
				9FC7161C1A15292E004FDDD1 /* SDL2.framework in Frameworks */,
			);
			runOnlyForDeploymentPostprocessing = 0;
		};
/* End PBXFrameworksBuildPhase section */

/* Begin PBXGroup section */
		3D228A5C2C4EF103005B9684 /* sprites */ = {
			isa = PBXGroup;
			children = (
				3D228A5F2C4F180B005B9684 /* base */,
				9FC715BF1A152805004FDDD1 /* Bullet.h */,
				9FC715CD1A152805004FDDD1 /* Bullet.cpp */,
				3D62C6202C526A9300EEABF0 /* BulletLaser.h */,
				3D62C61F2C526A9300EEABF0 /* BulletLaser.cpp */,
				3D8D30002C51467E007B64EE /* BunkerPiece.h */,
				3D8D2FFF2C51467E007B64EE /* BunkerPiece.cpp */,
				3D667CC72C4ADA370014BCD0 /* Invader.h */,
				3D667CC62C4ADA370014BCD0 /* Invader.cpp */,
				3D8D2FFD2C51367B007B64EE /* Item.h */,
				3D8D2FFC2C51367B007B64EE /* Item.cpp */,
				3D667CED2C4D82590014BCD0 /* Particle.h */,
				3D667CEC2C4D82590014BCD0 /* Particle.cpp */,
				9FC715C51A152805004FDDD1 /* Player.h */,
				9FC715D21A152805004FDDD1 /* Player.cpp */,
				3D8D30032C514A40007B64EE /* ScoreDisplay.h */,
				3D8D30022C514A40007B64EE /* ScoreDisplay.cpp */,
				3D228A542C4D9F1D005B9684 /* UFO.h */,
				3D228A532C4D9F1D005B9684 /* UFO.cpp */,
			);
			name = sprites;
			sourceTree = "<group>";
		};
		3D228A5D2C4EFACB005B9684 /* object-managers */ = {
			isa = PBXGroup;
			children = (
				3D667CE12C4C316E0014BCD0 /* Bunker.h */,
				3D667CE02C4C316E0014BCD0 /* Bunker.cpp */,
				3D667CE72C4D4F410014BCD0 /* InvaderGroup.h */,
				3D667CE62C4D4F410014BCD0 /* InvaderGroup.cpp */,
			);
			name = "object-managers";
			sourceTree = "<group>";
		};
		3D228A5E2C4F17D4005B9684 /* geometry */ = {
			isa = PBXGroup;
			children = (
				9FC715C71A152805004FDDD1 /* RectF.h */,
				9FC715CC1A152805004FDDD1 /* Vectorf.h */,
			);
			name = geometry;
			sourceTree = "<group>";
		};
		3D228A5F2C4F180B005B9684 /* base */ = {
			isa = PBXGroup;
			children = (
				9FC715C91A152805004FDDD1 /* Sprite.h */,
				9FC715D41A152805004FDDD1 /* Sprite.cpp */,
			);
			name = base;
			sourceTree = "<group>";
		};
		3D667CC92C4ADAE50014BCD0 /* screens */ = {
			isa = PBXGroup;
			children = (
				3D228A572C4E7537005B9684 /* GameOverScreen.h */,
				3D228A562C4E7537005B9684 /* GameOverScreen.cpp */,
				9FC715CB1A152805004FDDD1 /* TitleScreen.h */,
				9FC715D61A152805004FDDD1 /* TitleScreen.cpp */,
			);
			name = screens;
			sourceTree = "<group>";
		};
		9FC715931A152601004FDDD1 = {
			isa = PBXGroup;
			children = (
				3D9200662C4AA5DB001198CA /* assets */,
				9FC715E31A152813004FDDD1 /* Game */,
				9FC715E21A152810004FDDD1 /* util */,
				9FC715E11A15280B004FDDD1 /* SDL */,
				9FC715BD1A1527C4004FDDD1 /* main.cpp */,
				9FC7161E1A152A10004FDDD1 /* SDL2_image.framework */,
				9FC7161F1A152A10004FDDD1 /* SDL2_mixer.framework */,
				9FC716201A152A10004FDDD1 /* SDL2_ttf.framework */,
				9FC7161B1A15292E004FDDD1 /* SDL2.framework */,
				9FC7159D1A152601004FDDD1 /* Products */,
			);
			sourceTree = "<group>";
		};
		9FC7159D1A152601004FDDD1 /* Products */ = {
			isa = PBXGroup;
			children = (
				9FC7159C1A152601004FDDD1 /* SpaceInvaders */,
			);
			name = Products;
			sourceTree = "<group>";
		};
		9FC715E11A15280B004FDDD1 /* SDL */ = {
			isa = PBXGroup;
			children = (
				9FC715C11A152805004FDDD1 /* Controller.h */,
				9FC715CF1A152805004FDDD1 /* Controller.cpp */,
				9FC715C01A152805004FDDD1 /* SDLColors.h */,
				9FC715CE1A152805004FDDD1 /* SDLColors.cpp */,
				9FC715C81A152805004FDDD1 /* SDLWindow.h */,
				9FC715D31A152805004FDDD1 /* SDLWindow.cpp */,
				3D667CE42C4C796C0014BCD0 /* Texture.h */,
				3D667CE32C4C796C0014BCD0 /* Texture.cpp */,
			);
			name = SDL;
			sourceTree = "<group>";
		};
		9FC715E21A152810004FDDD1 /* util */ = {
			isa = PBXGroup;
			children = (
				3D228A5E2C4F17D4005B9684 /* geometry */,
				3D667CCB2C4BDC330014BCD0 /* Animation.h */,
				3D667CCA2C4BDC330014BCD0 /* Animation.cpp */,
				9FC715C31A152805004FDDD1 /* Log.h */,
				9FC715D11A152805004FDDD1 /* Log.cpp */,
				3D92006E2C4AB561001198CA /* randomUtil.h */,
				3D92006D2C4AB561001198CA /* randomUtil.cpp */,
				9FC716271A152AA8004FDDD1 /* StlUtil.h */,
				9FC715D51A152805004FDDD1 /* StlUtil.cpp */,
				3D667CEA2C4D701F0014BCD0 /* StopWatch.h */,
				3D667CE92C4D701F0014BCD0 /* StopWatch.cpp */,
			);
			name = util;
			sourceTree = "<group>";
		};
		9FC715E31A152813004FDDD1 /* Game */ = {
			isa = PBXGroup;
			children = (
				3D228A5D2C4EFACB005B9684 /* object-managers */,
				3D228A5C2C4EF103005B9684 /* sprites */,
				3D667CC92C4ADAE50014BCD0 /* screens */,
				3D9200682C4AACFF001198CA /* Assets.h */,
				3D92006B2C4AB501001198CA /* Assets.cpp */,
				3D62C61E2C516B5E00EEABF0 /* BulletType.h */,
				9FC715C21A152805004FDDD1 /* Game.h */,
				9FC715D01A152805004FDDD1 /* Game.cpp */,
				3D228A602C4F1E17005B9684 /* GameState.h */,
				3D228A5A2C4ECA06005B9684 /* Test.h */,
				3D228A592C4ECA06005B9684 /* Test.cpp */,
			);
			name = Game;
			sourceTree = "<group>";
		};
/* End PBXGroup section */

/* Begin PBXNativeTarget section */
		9FC7159B1A152601004FDDD1 /* SpaceInvaders */ = {
			isa = PBXNativeTarget;
			buildConfigurationList = 9FC715A51A152601004FDDD1 /* Build configuration list for PBXNativeTarget "SpaceInvaders" */;
			buildPhases = (
				9FC715981A152601004FDDD1 /* Sources */,
				9FC715991A152601004FDDD1 /* Frameworks */,
				9FC7159A1A152601004FDDD1 /* CopyFiles */,
			);
			buildRules = (
			);
			dependencies = (
			);
			name = SpaceInvaders;
			productName = Ping;
			productReference = 9FC7159C1A152601004FDDD1 /* SpaceInvaders */;
			productType = "com.apple.product-type.tool";
		};
/* End PBXNativeTarget section */

/* Begin PBXProject section */
		9FC715941A152601004FDDD1 /* Project object */ = {
			isa = PBXProject;
			attributes = {
				LastUpgradeCheck = 0510;
				ORGANIZATIONNAME = "William Sherif";
			};
			buildConfigurationList = 9FC715971A152601004FDDD1 /* Build configuration list for PBXProject "SpaceInvaders" */;
			compatibilityVersion = "Xcode 3.2";
			developmentRegion = English;
			hasScannedForEncodings = 0;
			knownRegions = (
				English,
				en,
			);
			mainGroup = 9FC715931A152601004FDDD1;
			productRefGroup = 9FC7159D1A152601004FDDD1 /* Products */;
			projectDirPath = "";
			projectRoot = "";
			targets = (
				9FC7159B1A152601004FDDD1 /* SpaceInvaders */,
			);
		};
/* End PBXProject section */

/* Begin PBXSourcesBuildPhase section */
		9FC715981A152601004FDDD1 /* Sources */ = {
			isa = PBXSourcesBuildPhase;
			buildActionMask = 2147483647;
			files = (
				3D8D2FFE2C51367B007B64EE /* Item.cpp in Sources */,
				9FC715DB1A152805004FDDD1 /* Log.cpp in Sources */,
				9FC715D81A152805004FDDD1 /* SDLColors.cpp in Sources */,
				3D228A582C4E7537005B9684 /* GameOverScreen.cpp in Sources */,
				9FC715D71A152805004FDDD1 /* Bullet.cpp in Sources */,
				3D667CE52C4C796C0014BCD0 /* Texture.cpp in Sources */,
				9FC715DD1A152805004FDDD1 /* SDLWindow.cpp in Sources */,
				3D667CE22C4C316E0014BCD0 /* Bunker.cpp in Sources */,
				3D92006C2C4AB501001198CA /* Assets.cpp in Sources */,
				3D667CEE2C4D82590014BCD0 /* Particle.cpp in Sources */,
				3D228A5B2C4ECA06005B9684 /* Test.cpp in Sources */,
				3D62C6212C526A9300EEABF0 /* BulletLaser.cpp in Sources */,
				3D667CE82C4D4F410014BCD0 /* InvaderGroup.cpp in Sources */,
				9FC715BE1A1527C4004FDDD1 /* main.cpp in Sources */,
				9FC715E01A152805004FDDD1 /* TitleScreen.cpp in Sources */,
				9FC715D91A152805004FDDD1 /* Controller.cpp in Sources */,
				3D228A552C4D9F1D005B9684 /* UFO.cpp in Sources */,
				3D8D30012C51467E007B64EE /* BunkerPiece.cpp in Sources */,
				3D667CEB2C4D701F0014BCD0 /* StopWatch.cpp in Sources */,
				9FC715DA1A152805004FDDD1 /* Game.cpp in Sources */,
				9FC715DC1A152805004FDDD1 /* Player.cpp in Sources */,
				9FC715DF1A152805004FDDD1 /* StlUtil.cpp in Sources */,
				3D8D30042C514A40007B64EE /* ScoreDisplay.cpp in Sources */,
				9FC715DE1A152805004FDDD1 /* Sprite.cpp in Sources */,
				3D92006F2C4AB561001198CA /* randomUtil.cpp in Sources */,
				3D667CCC2C4BDC330014BCD0 /* Animation.cpp in Sources */,
				3D667CC82C4ADA370014BCD0 /* Invader.cpp in Sources */,
			);
			runOnlyForDeploymentPostprocessing = 0;
		};
/* End PBXSourcesBuildPhase section */

/* Begin XCBuildConfiguration section */
		9FC715A31A152601004FDDD1 /* Debug */ = {
			isa = XCBuildConfiguration;
			buildSettings = {
				ALWAYS_SEARCH_USER_PATHS = NO;
				CLANG_CXX_LANGUAGE_STANDARD = "c++20";
				CLANG_CXX_LIBRARY = "libc++";
				CLANG_ENABLE_MODULES = YES;
				CLANG_ENABLE_OBJC_ARC = YES;
				CLANG_WARN_BOOL_CONVERSION = YES;
				CLANG_WARN_CONSTANT_CONVERSION = YES;
				CLANG_WARN_DIRECT_OBJC_ISA_USAGE = YES_ERROR;
				CLANG_WARN_EMPTY_BODY = YES;
				CLANG_WARN_ENUM_CONVERSION = YES;
				CLANG_WARN_INT_CONVERSION = YES;
				CLANG_WARN_OBJC_ROOT_CLASS = YES_ERROR;
				CLANG_WARN__DUPLICATE_METHOD_MATCH = YES;
				COPY_PHASE_STRIP = NO;
				GCC_C_LANGUAGE_STANDARD = c17;
				GCC_DYNAMIC_NO_PIC = NO;
				GCC_ENABLE_OBJC_EXCEPTIONS = YES;
				GCC_OPTIMIZATION_LEVEL = 0;
				GCC_PREPROCESSOR_DEFINITIONS = (
					"DEBUG=1",
					"$(inherited)",
				);
				GCC_SYMBOLS_PRIVATE_EXTERN = NO;
				GCC_WARN_64_TO_32_BIT_CONVERSION = YES;
				GCC_WARN_ABOUT_RETURN_TYPE = YES_ERROR;
				GCC_WARN_UNDECLARED_SELECTOR = YES;
				GCC_WARN_UNINITIALIZED_AUTOS = YES_AGGRESSIVE;
				GCC_WARN_UNUSED_FUNCTION = YES;
				GCC_WARN_UNUSED_VARIABLE = YES;
				MACOSX_DEPLOYMENT_TARGET = 13.0;
				ONLY_ACTIVE_ARCH = YES;
				SDKROOT = macosx;
			};
			name = Debug;
		};
		9FC715A41A152601004FDDD1 /* Release */ = {
			isa = XCBuildConfiguration;
			buildSettings = {
				ALWAYS_SEARCH_USER_PATHS = NO;
				CLANG_CXX_LANGUAGE_STANDARD = "c++20";
				CLANG_CXX_LIBRARY = "libc++";
				CLANG_ENABLE_MODULES = YES;
				CLANG_ENABLE_OBJC_ARC = YES;
				CLANG_WARN_BOOL_CONVERSION = YES;
				CLANG_WARN_CONSTANT_CONVERSION = YES;
				CLANG_WARN_DIRECT_OBJC_ISA_USAGE = YES_ERROR;
				CLANG_WARN_EMPTY_BODY = YES;
				CLANG_WARN_ENUM_CONVERSION = YES;
				CLANG_WARN_INT_CONVERSION = YES;
				CLANG_WARN_OBJC_ROOT_CLASS = YES_ERROR;
				CLANG_WARN__DUPLICATE_METHOD_MATCH = YES;
				COPY_PHASE_STRIP = YES;
				DEBUG_INFORMATION_FORMAT = "dwarf-with-dsym";
				ENABLE_NS_ASSERTIONS = NO;
				GCC_C_LANGUAGE_STANDARD = c17;
				GCC_ENABLE_OBJC_EXCEPTIONS = YES;
				GCC_WARN_64_TO_32_BIT_CONVERSION = YES;
				GCC_WARN_ABOUT_RETURN_TYPE = YES_ERROR;
				GCC_WARN_UNDECLARED_SELECTOR = YES;
				GCC_WARN_UNINITIALIZED_AUTOS = YES_AGGRESSIVE;
				GCC_WARN_UNUSED_FUNCTION = YES;
				GCC_WARN_UNUSED_VARIABLE = YES;
				MACOSX_DEPLOYMENT_TARGET = 13.0;
				SDKROOT = macosx;
			};
			name = Release;
		};
		9FC715A61A152601004FDDD1 /* Debug */ = {
			isa = XCBuildConfiguration;
			buildSettings = {
				FRAMEWORK_SEARCH_PATHS = (
					"$(inherited)",
					"$(PROJECT_DIR)",
				);
				PRODUCT_NAME = "$(TARGET_NAME)";
			};
			name = Debug;
		};
		9FC715A71A152601004FDDD1 /* Release */ = {
			isa = XCBuildConfiguration;
			buildSettings = {
				FRAMEWORK_SEARCH_PATHS = (
					"$(inherited)",
					"$(PROJECT_DIR)",
				);
				PRODUCT_NAME = "$(TARGET_NAME)";
			};
			name = Release;
		};
/* End XCBuildConfiguration section */

/* Begin XCConfigurationList section */
		9FC715971A152601004FDDD1 /* Build configuration list for PBXProject "SpaceInvaders" */ = {
			isa = XCConfigurationList;
			buildConfigurations = (
				9FC715A31A152601004FDDD1 /* Debug */,
				9FC715A41A152601004FDDD1 /* Release */,
			);
			defaultConfigurationIsVisible = 0;
			defaultConfigurationName = Release;
		};
		9FC715A51A152601004FDDD1 /* Build configuration list for PBXNativeTarget "SpaceInvaders" */ = {
			isa = XCConfigurationList;
			buildConfigurations = (
				9FC715A61A152601004FDDD1 /* Debug */,
				9FC715A71A152601004FDDD1 /* Release */,
			);
			defaultConfigurationIsVisible = 0;
			defaultConfigurationName = Release;
		};
/* End XCConfigurationList section */
	};
	rootObject = 9FC715941A152601004FDDD1 /* Project object */;
}
